// !$*UTF8*$!
{
	archiveVersion = 1;
	classes = {
	};
	objectVersion = 46;
	objects = {

/* Begin PBXBuildFile section */
		386291E51DAC35060011FD77 /* AppDelegate.swift in Sources */ = {isa = PBXBuildFile; fileRef = 386291E41DAC35060011FD77 /* AppDelegate.swift */; };
		386291E71DAC35060011FD77 /* ViewController.swift in Sources */ = {isa = PBXBuildFile; fileRef = 386291E61DAC35060011FD77 /* ViewController.swift */; };
		386291EA1DAC35060011FD77 /* Main.storyboard in Resources */ = {isa = PBXBuildFile; fileRef = 386291E81DAC35060011FD77 /* Main.storyboard */; };
		386291EC1DAC35060011FD77 /* Assets.xcassets in Resources */ = {isa = PBXBuildFile; fileRef = 386291EB1DAC35060011FD77 /* Assets.xcassets */; };
		386291EF1DAC35060011FD77 /* LaunchScreen.storyboard in Resources */ = {isa = PBXBuildFile; fileRef = 386291ED1DAC35060011FD77 /* LaunchScreen.storyboard */; };
		386291F71DAC530B0011FD77 /* VideoViewController.swift in Sources */ = {isa = PBXBuildFile; fileRef = 386291F61DAC530B0011FD77 /* VideoViewController.swift */; };
		386291FC1DAC55760011FD77 /* partyCellTableViewCell.swift in Sources */ = {isa = PBXBuildFile; fileRef = 386291FB1DAC55760011FD77 /* partyCellTableViewCell.swift */; };
		386291FE1DAC59620011FD77 /* Party.swift in Sources */ = {isa = PBXBuildFile; fileRef = 386291FD1DAC59620011FD77 /* Party.swift */; };
/* End PBXBuildFile section */

/* Begin PBXFileReference section */
		386291E11DAC35060011FD77 /* MusicPlayer.app */ = {isa = PBXFileReference; explicitFileType = wrapper.application; includeInIndex = 0; path = MusicPlayer.app; sourceTree = BUILT_PRODUCTS_DIR; };
		386291E41DAC35060011FD77 /* AppDelegate.swift */ = {isa = PBXFileReference; lastKnownFileType = sourcecode.swift; path = AppDelegate.swift; sourceTree = "<group>"; };
		386291E61DAC35060011FD77 /* ViewController.swift */ = {isa = PBXFileReference; lastKnownFileType = sourcecode.swift; path = ViewController.swift; sourceTree = "<group>"; };
		386291E91DAC35060011FD77 /* Base */ = {isa = PBXFileReference; lastKnownFileType = file.storyboard; name = Base; path = Base.lproj/Main.storyboard; sourceTree = "<group>"; };
		386291EB1DAC35060011FD77 /* Assets.xcassets */ = {isa = PBXFileReference; lastKnownFileType = folder.assetcatalog; path = Assets.xcassets; sourceTree = "<group>"; };
		386291EE1DAC35060011FD77 /* Base */ = {isa = PBXFileReference; lastKnownFileType = file.storyboard; name = Base; path = Base.lproj/LaunchScreen.storyboard; sourceTree = "<group>"; };
		386291F01DAC35060011FD77 /* Info.plist */ = {isa = PBXFileReference; lastKnownFileType = text.plist.xml; path = Info.plist; sourceTree = "<group>"; };
		386291F61DAC530B0011FD77 /* VideoViewController.swift */ = {isa = PBXFileReference; fileEncoding = 4; lastKnownFileType = sourcecode.swift; path = VideoViewController.swift; sourceTree = "<group>"; };
		386291FB1DAC55760011FD77 /* partyCellTableViewCell.swift */ = {isa = PBXFileReference; fileEncoding = 4; lastKnownFileType = sourcecode.swift; path = partyCellTableViewCell.swift; sourceTree = "<group>"; };
		386291FD1DAC59620011FD77 /* Party.swift */ = {isa = PBXFileReference; fileEncoding = 4; lastKnownFileType = sourcecode.swift; path = Party.swift; sourceTree = "<group>"; };
/* End PBXFileReference section */

/* Begin PBXFrameworksBuildPhase section */
		386291DE1DAC35060011FD77 /* Frameworks */ = {
			isa = PBXFrameworksBuildPhase;
			buildActionMask = 2147483647;
			files = (
			);
			runOnlyForDeploymentPostprocessing = 0;
		};
/* End PBXFrameworksBuildPhase section */

/* Begin PBXGroup section */
		386291D81DAC35060011FD77 = {
			isa = PBXGroup;
			children = (
				386291E31DAC35060011FD77 /* MusicPlayer */,
				386291E21DAC35060011FD77 /* Products */,
			);
			sourceTree = "<group>";
		};
		386291E21DAC35060011FD77 /* Products */ = {
			isa = PBXGroup;
			children = (
				386291E11DAC35060011FD77 /* MusicPlayer.app */,
			);
			name = Products;
			sourceTree = "<group>";
		};
		386291E31DAC35060011FD77 /* MusicPlayer */ = {
			isa = PBXGroup;
			children = (
				386291F81DAC55010011FD77 /* Model */,
				386291F91DAC55090011FD77 /* view */,
				386291FA1DAC551B0011FD77 /* Controller */,
				386291E81DAC35060011FD77 /* Main.storyboard */,
				386291E41DAC35060011FD77 /* AppDelegate.swift */,
				386291EB1DAC35060011FD77 /* Assets.xcassets */,
				386291ED1DAC35060011FD77 /* LaunchScreen.storyboard */,
				386291F01DAC35060011FD77 /* Info.plist */,
			);
			path = MusicPlayer;
			sourceTree = "<group>";
		};
		386291F81DAC55010011FD77 /* Model */ = {
			isa = PBXGroup;
			children = (
				386291FD1DAC59620011FD77 /* Party.swift */,
			);
			name = Model;
			sourceTree = "<group>";
		};
		386291F91DAC55090011FD77 /* view */ = {
			isa = PBXGroup;
			children = (
				386291FB1DAC55760011FD77 /* partyCellTableViewCell.swift */,
			);
			name = view;
			sourceTree = "<group>";
		};
		386291FA1DAC551B0011FD77 /* Controller */ = {
			isa = PBXGroup;
			children = (
				386291E61DAC35060011FD77 /* ViewController.swift */,
				386291F61DAC530B0011FD77 /* VideoViewController.swift */,
			);
			name = Controller;
			sourceTree = "<group>";
		};
/* End PBXGroup section */

/* Begin PBXNativeTarget section */
		386291E01DAC35060011FD77 /* MusicPlayer */ = {
			isa = PBXNativeTarget;
			buildConfigurationList = 386291F31DAC35060011FD77 /* Build configuration list for PBXNativeTarget "MusicPlayer" */;
			buildPhases = (
				386291DD1DAC35060011FD77 /* Sources */,
				386291DE1DAC35060011FD77 /* Frameworks */,
				386291DF1DAC35060011FD77 /* Resources */,
			);
			buildRules = (
			);
			dependencies = (
			);
			name = MusicPlayer;
			productName = MusicPlayer;
			productReference = 386291E11DAC35060011FD77 /* MusicPlayer.app */;
			productType = "com.apple.product-type.application";
		};
/* End PBXNativeTarget section */

/* Begin PBXProject section */
		386291D91DAC35060011FD77 /* Project object */ = {
			isa = PBXProject;
			attributes = {
				LastSwiftUpdateCheck = 0800;
				LastUpgradeCheck = 0800;
				ORGANIZATIONNAME = "Shashank Kannam";
				TargetAttributes = {
					386291E01DAC35060011FD77 = {
						CreatedOnToolsVersion = 8.0;
						ProvisioningStyle = Automatic;
					};
				};
			};
			buildConfigurationList = 386291DC1DAC35060011FD77 /* Build configuration list for PBXProject "MusicPlayer" */;
			compatibilityVersion = "Xcode 3.2";
			developmentRegion = English;
			hasScannedForEncodings = 0;
			knownRegions = (
				en,
				Base,
			);
			mainGroup = 386291D81DAC35060011FD77;
			productRefGroup = 386291E21DAC35060011FD77 /* Products */;
			projectDirPath = "";
			projectRoot = "";
			targets = (
				386291E01DAC35060011FD77 /* MusicPlayer */,
			);
		};
/* End PBXProject section */

/* Begin PBXResourcesBuildPhase section */
		386291DF1DAC35060011FD77 /* Resources */ = {
			isa = PBXResourcesBuildPhase;
			buildActionMask = 2147483647;
			files = (
				386291EF1DAC35060011FD77 /* LaunchScreen.storyboard in Resources */,
				386291EC1DAC35060011FD77 /* Assets.xcassets in Resources */,
				386291EA1DAC35060011FD77 /* Main.storyboard in Resources */,
			);
			runOnlyForDeploymentPostprocessing = 0;
		};
/* End PBXResourcesBuildPhase section */

/* Begin PBXSourcesBuildPhase section */
		386291DD1DAC35060011FD77 /* Sources */ = {
			isa = PBXSourcesBuildPhase;
			buildActionMask = 2147483647;
			files = (
				386291E71DAC35060011FD77 /* ViewController.swift in Sources */,
				386291FE1DAC59620011FD77 /* Party.swift in Sources */,
				386291E51DAC35060011FD77 /* AppDelegate.swift in Sources */,
				386291FC1DAC55760011FD77 /* partyCellTableViewCell.swift in Sources */,
				386291F71DAC530B0011FD77 /* VideoViewController.swift in Sources */,
			);
			runOnlyForDeploymentPostprocessing = 0;
		};
/* End PBXSourcesBuildPhase section */

/* Begin PBXVariantGroup section */
		386291E81DAC35060011FD77 /* Main.storyboard */ = {
			isa = PBXVariantGroup;
			children = (
				386291E91DAC35060011FD77 /* Base */,
			);
			name = Main.storyboard;
			sourceTree = "<group>";
		};
		386291ED1DAC35060011FD77 /* LaunchScreen.storyboard */ = {
			isa = PBXVariantGroup;
			children = (
				386291EE1DAC35060011FD77 /* Base */,
			);
			name = LaunchScreen.storyboard;
			sourceTree = "<group>";
		};
/* End PBXVariantGroup section */

/* Begin XCBuildConfiguration section */
		386291F11DAC35060011FD77 /* Debug */ = {
			isa = XCBuildConfiguration;
			buildSettings = {
				ALWAYS_SEARCH_USER_PATHS = NO;
				CLANG_ANALYZER_NONNULL = YES;
				CLANG_CXX_LANGUAGE_STANDARD = "gnu++0x";
				CLANG_CXX_LIBRARY = "libc++";
				CLANG_ENABLE_MODULES = YES;
				CLANG_ENABLE_OBJC_ARC = YES;
				CLANG_WARN_BOOL_CONVERSION = YES;
				CLANG_WARN_CONSTANT_CONVERSION = YES;
				CLANG_WARN_DIRECT_OBJC_ISA_USAGE = YES_ERROR;
				CLANG_WARN_DOCUMENTATION_COMMENTS = YES;
				CLANG_WARN_EMPTY_BODY = YES;
				CLANG_WARN_ENUM_CONVERSION = YES;
				CLANG_WARN_INFINITE_RECURSION = YES;
				CLANG_WARN_INT_CONVERSION = YES;
				CLANG_WARN_OBJC_ROOT_CLASS = YES_ERROR;
				CLANG_WARN_SUSPICIOUS_MOVES = YES;
				CLANG_WARN_UNREACHABLE_CODE = YES;
				CLANG_WARN__DUPLICATE_METHOD_MATCH = YES;
				"CODE_SIGN_IDENTITY[sdk=iphoneos*]" = "iPhone Developer";
				COPY_PHASE_STRIP = NO;
				DEBUG_INFORMATION_FORMAT = dwarf;
				ENABLE_STRICT_OBJC_MSGSEND = YES;
				ENABLE_TESTABILITY = YES;
				GCC_C_LANGUAGE_STANDARD = gnu99;
				GCC_DYNAMIC_NO_PIC = NO;
				GCC_NO_COMMON_BLOCKS = YES;
				GCC_OPTIMIZATION_LEVEL = 0;
				GCC_PREPROCESSOR_DEFINITIONS = (
					"DEBUG=1",
					"$(inherited)",
				);
				GCC_WARN_64_TO_32_BIT_CONVERSION = YES;
				GCC_WARN_ABOUT_RETURN_TYPE = YES_ERROR;
				GCC_WARN_UNDECLARED_SELECTOR = YES;
				GCC_WARN_UNINITIALIZED_AUTOS = YES_AGGRESSIVE;
				GCC_WARN_UNUSED_FUNCTION = YES;
				GCC_WARN_UNUSED_VARIABLE = YES;
				IPHONEOS_DEPLOYMENT_TARGET = 10.0;
				MTL_ENABLE_DEBUG_INFO = YES;
				ONLY_ACTIVE_ARCH = YES;
				SDKROOT = iphoneos;
				SWIFT_ACTIVE_COMPILATION_CONDITIONS = DEBUG;
				SWIFT_OPTIMIZATION_LEVEL = "-Onone";
				TARGETED_DEVICE_FAMILY = "1,2";
			};
			name = Debug;
		};
		386291F21DAC35060011FD77 /* Release */ = {
			isa = XCBuildConfiguration;
			buildSettings = {
				ALWAYS_SEARCH_USER_PATHS = NO;
				CLANG_ANALYZER_NONNULL = YES;
				CLANG_CXX_LANGUAGE_STANDARD = "gnu++0x";
				CLANG_CXX_LIBRARY = "libc++";
				CLANG_ENABLE_MODULES = YES;
				CLANG_ENABLE_OBJC_ARC = YES;
				CLANG_WARN_BOOL_CONVERSION = YES;
				CLANG_WARN_CONSTANT_CONVERSION = YES;
				CLANG_WARN_DIRECT_OBJC_ISA_USAGE = YES_ERROR;
				CLANG_WARN_DOCUMENTATION_COMMENTS = YES;
				CLANG_WARN_EMPTY_BODY = YES;
				CLANG_WARN_ENUM_CONVERSION = YES;
				CLANG_WARN_INFINITE_RECURSION = YES;
				CLANG_WARN_INT_CONVERSION = YES;
				CLANG_WARN_OBJC_ROOT_CLASS = YES_ERROR;
				CLANG_WARN_SUSPICIOUS_MOVES = YES;
				CLANG_WARN_UNREACHABLE_CODE = YES;
				CLANG_WARN__DUPLICATE_METHOD_MATCH = YES;
				"CODE_SIGN_IDENTITY[sdk=iphoneos*]" = "iPhone Developer";
				COPY_PHASE_STRIP = NO;
				DEBUG_INFORMATION_FORMAT = "dwarf-with-dsym";
				ENABLE_NS_ASSERTIONS = NO;
				ENABLE_STRICT_OBJC_MSGSEND = YES;
				GCC_C_LANGUAGE_STANDARD = gnu99;
				GCC_NO_COMMON_BLOCKS = YES;
				GCC_WARN_64_TO_32_BIT_CONVERSION = YES;
				GCC_WARN_ABOUT_RETURN_TYPE = YES_ERROR;
				GCC_WARN_UNDECLARED_SELECTOR = YES;
				GCC_WARN_UNINITIALIZED_AUTOS = YES_AGGRESSIVE;
				GCC_WARN_UNUSED_FUNCTION = YES;
				GCC_WARN_UNUSED_VARIABLE = YES;
				IPHONEOS_DEPLOYMENT_TARGET = 10.0;
				MTL_ENABLE_DEBUG_INFO = NO;
				SDKROOT = iphoneos;
				SWIFT_OPTIMIZATION_LEVEL = "-Owholemodule";
				TARGETED_DEVICE_FAMILY = "1,2";
				VALIDATE_PRODUCT = YES;
			};
			name = Release;
		};
		386291F41DAC35060011FD77 /* Debug */ = {
			isa = XCBuildConfiguration;
			buildSettings = {
				ASSETCATALOG_COMPILER_APPICON_NAME = AppIcon;
				INFOPLIST_FILE = MusicPlayer/Info.plist;
				LD_RUNPATH_SEARCH_PATHS = "$(inherited) @executable_path/Frameworks";
				PRODUCT_BUNDLE_IDENTIFIER = MusicPlayer.MusicPlayer;
				PRODUCT_NAME = "$(TARGET_NAME)";
				SWIFT_VERSION = 3.0;
			};
			name = Debug;
		};
		386291F51DAC35060011FD77 /* Release */ = {
			isa = XCBuildConfiguration;
			buildSettings = {
				ASSETCATALOG_COMPILER_APPICON_NAME = AppIcon;
				INFOPLIST_FILE = MusicPlayer/Info.plist;
				LD_RUNPATH_SEARCH_PATHS = "$(inherited) @executable_path/Frameworks";
				PRODUCT_BUNDLE_IDENTIFIER = MusicPlayer.MusicPlayer;
				PRODUCT_NAME = "$(TARGET_NAME)";
				SWIFT_VERSION = 3.0;
			};
			name = Release;
		};
/* End XCBuildConfiguration section */

/* Begin XCConfigurationList section */
		386291DC1DAC35060011FD77 /* Build configuration list for PBXProject "MusicPlayer" */ = {
			isa = XCConfigurationList;
			buildConfigurations = (
				386291F11DAC35060011FD77 /* Debug */,
				386291F21DAC35060011FD77 /* Release */,
			);
			defaultConfigurationIsVisible = 0;
			defaultConfigurationName = Release;
		};
		386291F31DAC35060011FD77 /* Build configuration list for PBXNativeTarget "MusicPlayer" */ = {
			isa = XCConfigurationList;
			buildConfigurations = (
				386291F41DAC35060011FD77 /* Debug */,
				386291F51DAC35060011FD77 /* Release */,
			);
			defaultConfigurationIsVisible = 0;
			defaultConfigurationName = Release;
		};
/* End XCConfigurationList section */
	};
	rootObject = 386291D91DAC35060011FD77 /* Project object */;
}
